
Microsoft Visual Studio Solution File, Format Version 12.00
# Visual Studio Version 16
VisualStudioVersion = 16.0.31019.35
MinimumVisualStudioVersion = 10.0.40219.1
Project("{FAE04EC0-301F-11D3-BF4B-00C04F79EFBC}") = "MagicBaseData", "MagicBaseData\MagicBaseData.csproj", "{60135CDE-D3A8-4DD5-AEFD-67157F2DFCA0}"
EndProject
Global
	GlobalSection(SolutionConfigurationPlatforms) = preSolution
		Debug|Any CPU = Debug|Any CPU
		Release|Any CPU = Release|Any CPU
	EndGlobalSection
	GlobalSection(ProjectConfigurationPlatforms) = postSolution
		{60135CDE-D3A8-4DD5-AEFD-67157F2DFCA0}.Debug|Any CPU.ActiveCfg = Debug|Any CPU
		{60135CDE-D3A8-4DD5-AEFD-67157F2DFCA0}.Debug|Any CPU.Build.0 = Debug|Any CPU
		{60135CDE-D3A8-4DD5-AEFD-67157F2DFCA0}.Release|Any CPU.ActiveCfg = Release|Any CPU
		{60135CDE-D3A8-4DD5-AEFD-67157F2DFCA0}.Release|Any CPU.Build.0 = Release|Any CPU
	EndGlobalSection
	GlobalSection(SolutionProperties) = preSolution
		HideSolutionNode = FALSE
	EndGlobalSection
	GlobalSection(ExtensibilityGlobals) = postSolution
		SolutionGuid = {AB560C41-6E01-4BB1-9431-0255FCF12A3C}
	EndGlobalSection
EndGlobal
